
Microsoft Visual Studio Solution File, Format Version 12.00
# Visual Studio Version 16
VisualStudioVersion = 25.0.1706.11
MinimumVisualStudioVersion = 10.0.40219.1
Project("{FAE04EC0-301F-11D3-BF4B-00C04F79EFBC}") = "GamesAPI", "GamesAPI\GamesAPI.csproj", "{C198A0E3-6C14-460C-95B4-2E13CE3C822B}"
EndProject
Project("{FAE04EC0-301F-11D3-BF4B-00C04F79EFBC}") = "GamesAPITests", "GameAPITests\GamesAPITests.csproj", "{A39FD2E5-E841-4FFA-85BE-32F5A3801B2B}"
EndProject
Global
	GlobalSection(SolutionConfigurationPlatforms) = preSolution
		Debug|Any CPU = Debug|Any CPU
		Release|Any CPU = Release|Any CPU
	EndGlobalSection
	GlobalSection(ProjectConfigurationPlatforms) = postSolution
		{C198A0E3-6C14-460C-95B4-2E13CE3C822B}.Debug|Any CPU.ActiveCfg = Debug|Any CPU
		{C198A0E3-6C14-460C-95B4-2E13CE3C822B}.Debug|Any CPU.Build.0 = Debug|Any CPU
		{C198A0E3-6C14-460C-95B4-2E13CE3C822B}.Release|Any CPU.ActiveCfg = Release|Any CPU
		{C198A0E3-6C14-460C-95B4-2E13CE3C822B}.Release|Any CPU.Build.0 = Release|Any CPU
		{A39FD2E5-E841-4FFA-85BE-32F5A3801B2B}.Debug|Any CPU.ActiveCfg = Debug|Any CPU
		{A39FD2E5-E841-4FFA-85BE-32F5A3801B2B}.Debug|Any CPU.Build.0 = Debug|Any CPU
		{A39FD2E5-E841-4FFA-85BE-32F5A3801B2B}.Release|Any CPU.ActiveCfg = Release|Any CPU
		{A39FD2E5-E841-4FFA-85BE-32F5A3801B2B}.Release|Any CPU.Build.0 = Release|Any CPU
	EndGlobalSection
	GlobalSection(SolutionProperties) = preSolution
		HideSolutionNode = FALSE
	EndGlobalSection
	GlobalSection(ExtensibilityGlobals) = postSolution
		SolutionGuid = {2A68F235-DF7F-45F4-AAA5-E81BAE97A9AB}
	EndGlobalSection
EndGlobal
